
Microsoft Visual Studio Solution File, Format Version 12.00
# Visual Studio Version 17
VisualStudioVersion = 17.3.32901.215
MinimumVisualStudioVersion = 10.0.40219.1
Project("{FAE04EC0-301F-11D3-BF4B-00C04F79EFBC}") = "Theis_4_5_5_S170", "Theis_4_5_5_S170\Theis_4_5_5_S170.csproj", "{13A3C537-0A2E-4F9F-A473-21D584F1DE03}"
EndProject
Global
	GlobalSection(SolutionConfigurationPlatforms) = preSolution
		Debug|Any CPU = Debug|Any CPU
		Release|Any CPU = Release|Any CPU
	EndGlobalSection
	GlobalSection(ProjectConfigurationPlatforms) = postSolution
		{13A3C537-0A2E-4F9F-A473-21D584F1DE03}.Debug|Any CPU.ActiveCfg = Debug|Any CPU
		{13A3C537-0A2E-4F9F-A473-21D584F1DE03}.Debug|Any CPU.Build.0 = Debug|Any CPU
		{13A3C537-0A2E-4F9F-A473-21D584F1DE03}.Release|Any CPU.ActiveCfg = Release|Any CPU
		{13A3C537-0A2E-4F9F-A473-21D584F1DE03}.Release|Any CPU.Build.0 = Release|Any CPU
	EndGlobalSection
	GlobalSection(SolutionProperties) = preSolution
		HideSolutionNode = FALSE
	EndGlobalSection
	GlobalSection(ExtensibilityGlobals) = postSolution
		SolutionGuid = {6356CF34-A1C9-4AB6-A3B6-B3D7E2B7BF9A}
	EndGlobalSection
EndGlobal
